// !$*UTF8*$!
{
	archiveVersion = 1;
	classes = {
	};
	objectVersion = 50;
	objects = {

/* Begin PBXBuildFile section */
		4C30DC8F25299192003166A5 /* OCWiNewsViewerApp.swift in Sources */ = {isa = PBXBuildFile; fileRef = 4C30DC8E25299192003166A5 /* OCWiNewsViewerApp.swift */; };
		4C30DC9125299192003166A5 /* ContentView.swift in Sources */ = {isa = PBXBuildFile; fileRef = 4C30DC9025299192003166A5 /* ContentView.swift */; };
		4C30DC9325299193003166A5 /* Assets.xcassets in Resources */ = {isa = PBXBuildFile; fileRef = 4C30DC9225299193003166A5 /* Assets.xcassets */; };
		4C30DC9625299193003166A5 /* Preview Assets.xcassets in Resources */ = {isa = PBXBuildFile; fileRef = 4C30DC9525299193003166A5 /* Preview Assets.xcassets */; };
		4C30DCA125299193003166A5 /* OCWiNewsViewerTests.swift in Sources */ = {isa = PBXBuildFile; fileRef = 4C30DCA025299193003166A5 /* OCWiNewsViewerTests.swift */; };
		4C30DCAC25299193003166A5 /* OCWiNewsViewerUITests.swift in Sources */ = {isa = PBXBuildFile; fileRef = 4C30DCAB25299193003166A5 /* OCWiNewsViewerUITests.swift */; };
/* End PBXBuildFile section */

/* Begin PBXContainerItemProxy section */
		4C30DC9D25299193003166A5 /* PBXContainerItemProxy */ = {
			isa = PBXContainerItemProxy;
			containerPortal = 4C30DC8325299192003166A5 /* Project object */;
			proxyType = 1;
			remoteGlobalIDString = 4C30DC8A25299192003166A5;
			remoteInfo = OCWiNewsViewer;
		};
		4C30DCA825299193003166A5 /* PBXContainerItemProxy */ = {
			isa = PBXContainerItemProxy;
			containerPortal = 4C30DC8325299192003166A5 /* Project object */;
			proxyType = 1;
			remoteGlobalIDString = 4C30DC8A25299192003166A5;
			remoteInfo = OCWiNewsViewer;
		};
/* End PBXContainerItemProxy section */

/* Begin PBXFileReference section */
		4C30DC8B25299192003166A5 /* OCWiNewsViewer.app */ = {isa = PBXFileReference; explicitFileType = wrapper.application; includeInIndex = 0; path = OCWiNewsViewer.app; sourceTree = BUILT_PRODUCTS_DIR; };
		4C30DC8E25299192003166A5 /* OCWiNewsViewerApp.swift */ = {isa = PBXFileReference; lastKnownFileType = sourcecode.swift; path = OCWiNewsViewerApp.swift; sourceTree = "<group>"; };
		4C30DC9025299192003166A5 /* ContentView.swift */ = {isa = PBXFileReference; lastKnownFileType = sourcecode.swift; path = ContentView.swift; sourceTree = "<group>"; };
		4C30DC9225299193003166A5 /* Assets.xcassets */ = {isa = PBXFileReference; lastKnownFileType = folder.assetcatalog; path = Assets.xcassets; sourceTree = "<group>"; };
		4C30DC9525299193003166A5 /* Preview Assets.xcassets */ = {isa = PBXFileReference; lastKnownFileType = folder.assetcatalog; path = "Preview Assets.xcassets"; sourceTree = "<group>"; };
		4C30DC9725299193003166A5 /* Info.plist */ = {isa = PBXFileReference; lastKnownFileType = text.plist.xml; path = Info.plist; sourceTree = "<group>"; };
		4C30DC9C25299193003166A5 /* OCWiNewsViewerTests.xctest */ = {isa = PBXFileReference; explicitFileType = wrapper.cfbundle; includeInIndex = 0; path = OCWiNewsViewerTests.xctest; sourceTree = BUILT_PRODUCTS_DIR; };
		4C30DCA025299193003166A5 /* OCWiNewsViewerTests.swift */ = {isa = PBXFileReference; lastKnownFileType = sourcecode.swift; path = OCWiNewsViewerTests.swift; sourceTree = "<group>"; };
		4C30DCA225299193003166A5 /* Info.plist */ = {isa = PBXFileReference; lastKnownFileType = text.plist.xml; path = Info.plist; sourceTree = "<group>"; };
		4C30DCA725299193003166A5 /* OCWiNewsViewerUITests.xctest */ = {isa = PBXFileReference; explicitFileType = wrapper.cfbundle; includeInIndex = 0; path = OCWiNewsViewerUITests.xctest; sourceTree = BUILT_PRODUCTS_DIR; };
		4C30DCAB25299193003166A5 /* OCWiNewsViewerUITests.swift */ = {isa = PBXFileReference; lastKnownFileType = sourcecode.swift; path = OCWiNewsViewerUITests.swift; sourceTree = "<group>"; };
		4C30DCAD25299193003166A5 /* Info.plist */ = {isa = PBXFileReference; lastKnownFileType = text.plist.xml; path = Info.plist; sourceTree = "<group>"; };
/* End PBXFileReference section */

/* Begin PBXFrameworksBuildPhase section */
		4C30DC8825299192003166A5 /* Frameworks */ = {
			isa = PBXFrameworksBuildPhase;
			buildActionMask = 2147483647;
			files = (
			);
			runOnlyForDeploymentPostprocessing = 0;
		};
		4C30DC9925299193003166A5 /* Frameworks */ = {
			isa = PBXFrameworksBuildPhase;
			buildActionMask = 2147483647;
			files = (
			);
			runOnlyForDeploymentPostprocessing = 0;
		};
		4C30DCA425299193003166A5 /* Frameworks */ = {
			isa = PBXFrameworksBuildPhase;
			buildActionMask = 2147483647;
			files = (
			);
			runOnlyForDeploymentPostprocessing = 0;
		};
/* End PBXFrameworksBuildPhase section */

/* Begin PBXGroup section */
		4C30DC8225299192003166A5 = {
			isa = PBXGroup;
			children = (
				4C30DC8D25299192003166A5 /* OCWiNewsViewer */,
				4C30DC9F25299193003166A5 /* OCWiNewsViewerTests */,
				4C30DCAA25299193003166A5 /* OCWiNewsViewerUITests */,
				4C30DC8C25299192003166A5 /* Products */,
			);
			sourceTree = "<group>";
		};
		4C30DC8C25299192003166A5 /* Products */ = {
			isa = PBXGroup;
			children = (
				4C30DC8B25299192003166A5 /* OCWiNewsViewer.app */,
				4C30DC9C25299193003166A5 /* OCWiNewsViewerTests.xctest */,
				4C30DCA725299193003166A5 /* OCWiNewsViewerUITests.xctest */,
			);
			name = Products;
			sourceTree = "<group>";
		};
		4C30DC8D25299192003166A5 /* OCWiNewsViewer */ = {
			isa = PBXGroup;
			children = (
				4C30DC8E25299192003166A5 /* OCWiNewsViewerApp.swift */,
				4C30DC9025299192003166A5 /* ContentView.swift */,
				4C30DC9225299193003166A5 /* Assets.xcassets */,
				4C30DC9725299193003166A5 /* Info.plist */,
				4C30DC9425299193003166A5 /* Preview Content */,
			);
			path = OCWiNewsViewer;
			sourceTree = "<group>";
		};
		4C30DC9425299193003166A5 /* Preview Content */ = {
			isa = PBXGroup;
			children = (
				4C30DC9525299193003166A5 /* Preview Assets.xcassets */,
			);
			path = "Preview Content";
			sourceTree = "<group>";
		};
		4C30DC9F25299193003166A5 /* OCWiNewsViewerTests */ = {
			isa = PBXGroup;
			children = (
				4C30DCA025299193003166A5 /* OCWiNewsViewerTests.swift */,
				4C30DCA225299193003166A5 /* Info.plist */,
			);
			path = OCWiNewsViewerTests;
			sourceTree = "<group>";
		};
		4C30DCAA25299193003166A5 /* OCWiNewsViewerUITests */ = {
			isa = PBXGroup;
			children = (
				4C30DCAB25299193003166A5 /* OCWiNewsViewerUITests.swift */,
				4C30DCAD25299193003166A5 /* Info.plist */,
			);
			path = OCWiNewsViewerUITests;
			sourceTree = "<group>";
		};
/* End PBXGroup section */

/* Begin PBXNativeTarget section */
		4C30DC8A25299192003166A5 /* OCWiNewsViewer */ = {
			isa = PBXNativeTarget;
			buildConfigurationList = 4C30DCB025299193003166A5 /* Build configuration list for PBXNativeTarget "OCWiNewsViewer" */;
			buildPhases = (
				4C30DC8725299192003166A5 /* Sources */,
				4C30DC8825299192003166A5 /* Frameworks */,
				4C30DC8925299192003166A5 /* Resources */,
			);
			buildRules = (
			);
			dependencies = (
			);
			name = OCWiNewsViewer;
			productName = OCWiNewsViewer;
			productReference = 4C30DC8B25299192003166A5 /* OCWiNewsViewer.app */;
			productType = "com.apple.product-type.application";
		};
		4C30DC9B25299193003166A5 /* OCWiNewsViewerTests */ = {
			isa = PBXNativeTarget;
			buildConfigurationList = 4C30DCB325299193003166A5 /* Build configuration list for PBXNativeTarget "OCWiNewsViewerTests" */;
			buildPhases = (
				4C30DC9825299193003166A5 /* Sources */,
				4C30DC9925299193003166A5 /* Frameworks */,
				4C30DC9A25299193003166A5 /* Resources */,
			);
			buildRules = (
			);
			dependencies = (
				4C30DC9E25299193003166A5 /* PBXTargetDependency */,
			);
			name = OCWiNewsViewerTests;
			productName = OCWiNewsViewerTests;
			productReference = 4C30DC9C25299193003166A5 /* OCWiNewsViewerTests.xctest */;
			productType = "com.apple.product-type.bundle.unit-test";
		};
		4C30DCA625299193003166A5 /* OCWiNewsViewerUITests */ = {
			isa = PBXNativeTarget;
			buildConfigurationList = 4C30DCB625299193003166A5 /* Build configuration list for PBXNativeTarget "OCWiNewsViewerUITests" */;
			buildPhases = (
				4C30DCA325299193003166A5 /* Sources */,
				4C30DCA425299193003166A5 /* Frameworks */,
				4C30DCA525299193003166A5 /* Resources */,
			);
			buildRules = (
			);
			dependencies = (
				4C30DCA925299193003166A5 /* PBXTargetDependency */,
			);
			name = OCWiNewsViewerUITests;
			productName = OCWiNewsViewerUITests;
			productReference = 4C30DCA725299193003166A5 /* OCWiNewsViewerUITests.xctest */;
			productType = "com.apple.product-type.bundle.ui-testing";
		};
/* End PBXNativeTarget section */

/* Begin PBXProject section */
		4C30DC8325299192003166A5 /* Project object */ = {
			isa = PBXProject;
			attributes = {
				LastSwiftUpdateCheck = 1200;
				LastUpgradeCheck = 1200;
				TargetAttributes = {
					4C30DC8A25299192003166A5 = {
						CreatedOnToolsVersion = 12.0.1;
					};
					4C30DC9B25299193003166A5 = {
						CreatedOnToolsVersion = 12.0.1;
						TestTargetID = 4C30DC8A25299192003166A5;
					};
					4C30DCA625299193003166A5 = {
						CreatedOnToolsVersion = 12.0.1;
						TestTargetID = 4C30DC8A25299192003166A5;
					};
				};
			};
			buildConfigurationList = 4C30DC8625299192003166A5 /* Build configuration list for PBXProject "OCWiNewsViewer" */;
			compatibilityVersion = "Xcode 9.3";
			developmentRegion = en;
			hasScannedForEncodings = 0;
			knownRegions = (
				en,
				Base,
			);
			mainGroup = 4C30DC8225299192003166A5;
			productRefGroup = 4C30DC8C25299192003166A5 /* Products */;
			projectDirPath = "";
			projectRoot = "";
			targets = (
				4C30DC8A25299192003166A5 /* OCWiNewsViewer */,
				4C30DC9B25299193003166A5 /* OCWiNewsViewerTests */,
				4C30DCA625299193003166A5 /* OCWiNewsViewerUITests */,
			);
		};
/* End PBXProject section */

/* Begin PBXResourcesBuildPhase section */
		4C30DC8925299192003166A5 /* Resources */ = {
			isa = PBXResourcesBuildPhase;
			buildActionMask = 2147483647;
			files = (
				4C30DC9625299193003166A5 /* Preview Assets.xcassets in Resources */,
				4C30DC9325299193003166A5 /* Assets.xcassets in Resources */,
			);
			runOnlyForDeploymentPostprocessing = 0;
		};
		4C30DC9A25299193003166A5 /* Resources */ = {
			isa = PBXResourcesBuildPhase;
			buildActionMask = 2147483647;
			files = (
			);
			runOnlyForDeploymentPostprocessing = 0;
		};
		4C30DCA525299193003166A5 /* Resources */ = {
			isa = PBXResourcesBuildPhase;
			buildActionMask = 2147483647;
			files = (
			);
			runOnlyForDeploymentPostprocessing = 0;
		};
/* End PBXResourcesBuildPhase section */

/* Begin PBXSourcesBuildPhase section */
		4C30DC8725299192003166A5 /* Sources */ = {
			isa = PBXSourcesBuildPhase;
			buildActionMask = 2147483647;
			files = (
				4C30DC9125299192003166A5 /* ContentView.swift in Sources */,
				4C30DC8F25299192003166A5 /* OCWiNewsViewerApp.swift in Sources */,
			);
			runOnlyForDeploymentPostprocessing = 0;
		};
		4C30DC9825299193003166A5 /* Sources */ = {
			isa = PBXSourcesBuildPhase;
			buildActionMask = 2147483647;
			files = (
				4C30DCA125299193003166A5 /* OCWiNewsViewerTests.swift in Sources */,
			);
			runOnlyForDeploymentPostprocessing = 0;
		};
		4C30DCA325299193003166A5 /* Sources */ = {
			isa = PBXSourcesBuildPhase;
			buildActionMask = 2147483647;
			files = (
				4C30DCAC25299193003166A5 /* OCWiNewsViewerUITests.swift in Sources */,
			);
			runOnlyForDeploymentPostprocessing = 0;
		};
/* End PBXSourcesBuildPhase section */

/* Begin PBXTargetDependency section */
		4C30DC9E25299193003166A5 /* PBXTargetDependency */ = {
			isa = PBXTargetDependency;
			target = 4C30DC8A25299192003166A5 /* OCWiNewsViewer */;
			targetProxy = 4C30DC9D25299193003166A5 /* PBXContainerItemProxy */;
		};
		4C30DCA925299193003166A5 /* PBXTargetDependency */ = {
			isa = PBXTargetDependency;
			target = 4C30DC8A25299192003166A5 /* OCWiNewsViewer */;
			targetProxy = 4C30DCA825299193003166A5 /* PBXContainerItemProxy */;
		};
/* End PBXTargetDependency section */

/* Begin XCBuildConfiguration section */
		4C30DCAE25299193003166A5 /* Debug */ = {
			isa = XCBuildConfiguration;
			buildSettings = {
				ALWAYS_SEARCH_USER_PATHS = NO;
				CLANG_ANALYZER_NONNULL = YES;
				CLANG_ANALYZER_NUMBER_OBJECT_CONVERSION = YES_AGGRESSIVE;
				CLANG_CXX_LANGUAGE_STANDARD = "gnu++14";
				CLANG_CXX_LIBRARY = "libc++";
				CLANG_ENABLE_MODULES = YES;
				CLANG_ENABLE_OBJC_ARC = YES;
				CLANG_ENABLE_OBJC_WEAK = YES;
				CLANG_WARN_BLOCK_CAPTURE_AUTORELEASING = YES;
				CLANG_WARN_BOOL_CONVERSION = YES;
				CLANG_WARN_COMMA = YES;
				CLANG_WARN_CONSTANT_CONVERSION = YES;
				CLANG_WARN_DEPRECATED_OBJC_IMPLEMENTATIONS = YES;
				CLANG_WARN_DIRECT_OBJC_ISA_USAGE = YES_ERROR;
				CLANG_WARN_DOCUMENTATION_COMMENTS = YES;
				CLANG_WARN_EMPTY_BODY = YES;
				CLANG_WARN_ENUM_CONVERSION = YES;
				CLANG_WARN_INFINITE_RECURSION = YES;
				CLANG_WARN_INT_CONVERSION = YES;
				CLANG_WARN_NON_LITERAL_NULL_CONVERSION = YES;
				CLANG_WARN_OBJC_IMPLICIT_RETAIN_SELF = YES;
				CLANG_WARN_OBJC_LITERAL_CONVERSION = YES;
				CLANG_WARN_OBJC_ROOT_CLASS = YES_ERROR;
				CLANG_WARN_QUOTED_INCLUDE_IN_FRAMEWORK_HEADER = YES;
				CLANG_WARN_RANGE_LOOP_ANALYSIS = YES;
				CLANG_WARN_STRICT_PROTOTYPES = YES;
				CLANG_WARN_SUSPICIOUS_MOVE = YES;
				CLANG_WARN_UNGUARDED_AVAILABILITY = YES_AGGRESSIVE;
				CLANG_WARN_UNREACHABLE_CODE = YES;
				CLANG_WARN__DUPLICATE_METHOD_MATCH = YES;
				COPY_PHASE_STRIP = NO;
				DEBUG_INFORMATION_FORMAT = dwarf;
				ENABLE_STRICT_OBJC_MSGSEND = YES;
				ENABLE_TESTABILITY = YES;
				GCC_C_LANGUAGE_STANDARD = gnu11;
				GCC_DYNAMIC_NO_PIC = NO;
				GCC_NO_COMMON_BLOCKS = YES;
				GCC_OPTIMIZATION_LEVEL = 0;
				GCC_PREPROCESSOR_DEFINITIONS = (
					"DEBUG=1",
					"$(inherited)",
				);
				GCC_WARN_64_TO_32_BIT_CONVERSION = YES;
				GCC_WARN_ABOUT_RETURN_TYPE = YES_ERROR;
				GCC_WARN_UNDECLARED_SELECTOR = YES;
				GCC_WARN_UNINITIALIZED_AUTOS = YES_AGGRESSIVE;
				GCC_WARN_UNUSED_FUNCTION = YES;
				GCC_WARN_UNUSED_VARIABLE = YES;
				IPHONEOS_DEPLOYMENT_TARGET = 14.0;
				MTL_ENABLE_DEBUG_INFO = INCLUDE_SOURCE;
				MTL_FAST_MATH = YES;
				ONLY_ACTIVE_ARCH = YES;
				SDKROOT = iphoneos;
				SWIFT_ACTIVE_COMPILATION_CONDITIONS = DEBUG;
				SWIFT_OPTIMIZATION_LEVEL = "-Onone";
			};
			name = Debug;
		};
		4C30DCAF25299193003166A5 /* Release */ = {
			isa = XCBuildConfiguration;
			buildSettings = {
				ALWAYS_SEARCH_USER_PATHS = NO;
				CLANG_ANALYZER_NONNULL = YES;
				CLANG_ANALYZER_NUMBER_OBJECT_CONVERSION = YES_AGGRESSIVE;
				CLANG_CXX_LANGUAGE_STANDARD = "gnu++14";
				CLANG_CXX_LIBRARY = "libc++";
				CLANG_ENABLE_MODULES = YES;
				CLANG_ENABLE_OBJC_ARC = YES;
				CLANG_ENABLE_OBJC_WEAK = YES;
				CLANG_WARN_BLOCK_CAPTURE_AUTORELEASING = YES;
				CLANG_WARN_BOOL_CONVERSION = YES;
				CLANG_WARN_COMMA = YES;
				CLANG_WARN_CONSTANT_CONVERSION = YES;
				CLANG_WARN_DEPRECATED_OBJC_IMPLEMENTATIONS = YES;
				CLANG_WARN_DIRECT_OBJC_ISA_USAGE = YES_ERROR;
				CLANG_WARN_DOCUMENTATION_COMMENTS = YES;
				CLANG_WARN_EMPTY_BODY = YES;
				CLANG_WARN_ENUM_CONVERSION = YES;
				CLANG_WARN_INFINITE_RECURSION = YES;
				CLANG_WARN_INT_CONVERSION = YES;
				CLANG_WARN_NON_LITERAL_NULL_CONVERSION = YES;
				CLANG_WARN_OBJC_IMPLICIT_RETAIN_SELF = YES;
				CLANG_WARN_OBJC_LITERAL_CONVERSION = YES;
				CLANG_WARN_OBJC_ROOT_CLASS = YES_ERROR;
				CLANG_WARN_QUOTED_INCLUDE_IN_FRAMEWORK_HEADER = YES;
				CLANG_WARN_RANGE_LOOP_ANALYSIS = YES;
				CLANG_WARN_STRICT_PROTOTYPES = YES;
				CLANG_WARN_SUSPICIOUS_MOVE = YES;
				CLANG_WARN_UNGUARDED_AVAILABILITY = YES_AGGRESSIVE;
				CLANG_WARN_UNREACHABLE_CODE = YES;
				CLANG_WARN__DUPLICATE_METHOD_MATCH = YES;
				COPY_PHASE_STRIP = NO;
				DEBUG_INFORMATION_FORMAT = "dwarf-with-dsym";
				ENABLE_NS_ASSERTIONS = NO;
				ENABLE_STRICT_OBJC_MSGSEND = YES;
				GCC_C_LANGUAGE_STANDARD = gnu11;
				GCC_NO_COMMON_BLOCKS = YES;
				GCC_WARN_64_TO_32_BIT_CONVERSION = YES;
				GCC_WARN_ABOUT_RETURN_TYPE = YES_ERROR;
				GCC_WARN_UNDECLARED_SELECTOR = YES;
				GCC_WARN_UNINITIALIZED_AUTOS = YES_AGGRESSIVE;
				GCC_WARN_UNUSED_FUNCTION = YES;
				GCC_WARN_UNUSED_VARIABLE = YES;
				IPHONEOS_DEPLOYMENT_TARGET = 14.0;
				MTL_ENABLE_DEBUG_INFO = NO;
				MTL_FAST_MATH = YES;
				SDKROOT = iphoneos;
				SWIFT_COMPILATION_MODE = wholemodule;
				SWIFT_OPTIMIZATION_LEVEL = "-O";
				VALIDATE_PRODUCT = YES;
			};
			name = Release;
		};
		4C30DCB125299193003166A5 /* Debug */ = {
			isa = XCBuildConfiguration;
			buildSettings = {
				ASSETCATALOG_COMPILER_APPICON_NAME = AppIcon;
				ASSETCATALOG_COMPILER_GLOBAL_ACCENT_COLOR_NAME = AccentColor;
				CODE_SIGN_STYLE = Automatic;
				DEVELOPMENT_ASSET_PATHS = "\"OCWiNewsViewer/Preview Content\"";
				ENABLE_PREVIEWS = YES;
				INFOPLIST_FILE = OCWiNewsViewer/Info.plist;
				IPHONEOS_DEPLOYMENT_TARGET = 14.0;
				LD_RUNPATH_SEARCH_PATHS = (
					"$(inherited)",
					"@executable_path/Frameworks",
				);
				PRODUCT_BUNDLE_IDENTIFIER = app.nanashiki.OCWiNewsViewer;
				PRODUCT_NAME = "$(TARGET_NAME)";
				SWIFT_VERSION = 5.0;
				TARGETED_DEVICE_FAMILY = "1,2";
			};
			name = Debug;
		};
		4C30DCB225299193003166A5 /* Release */ = {
			isa = XCBuildConfiguration;
			buildSettings = {
				ASSETCATALOG_COMPILER_APPICON_NAME = AppIcon;
				ASSETCATALOG_COMPILER_GLOBAL_ACCENT_COLOR_NAME = AccentColor;
				CODE_SIGN_STYLE = Automatic;
				DEVELOPMENT_ASSET_PATHS = "\"OCWiNewsViewer/Preview Content\"";
				ENABLE_PREVIEWS = YES;
				INFOPLIST_FILE = OCWiNewsViewer/Info.plist;
				IPHONEOS_DEPLOYMENT_TARGET = 14.0;
				LD_RUNPATH_SEARCH_PATHS = (
					"$(inherited)",
					"@executable_path/Frameworks",
				);
				PRODUCT_BUNDLE_IDENTIFIER = app.nanashiki.OCWiNewsViewer;
				PRODUCT_NAME = "$(TARGET_NAME)";
				SWIFT_VERSION = 5.0;
				TARGETED_DEVICE_FAMILY = "1,2";
			};
			name = Release;
		};
		4C30DCB425299193003166A5 /* Debug */ = {
			isa = XCBuildConfiguration;
			buildSettings = {
				ALWAYS_EMBED_SWIFT_STANDARD_LIBRARIES = YES;
				BUNDLE_LOADER = "$(TEST_HOST)";
				CODE_SIGN_STYLE = Automatic;
				INFOPLIST_FILE = OCWiNewsViewerTests/Info.plist;
				IPHONEOS_DEPLOYMENT_TARGET = 14.0;
				LD_RUNPATH_SEARCH_PATHS = (
					"$(inherited)",
					"@executable_path/Frameworks",
					"@loader_path/Frameworks",
				);
				PRODUCT_BUNDLE_IDENTIFIER = app.nanashiki.OCWiNewsViewerTests;
				PRODUCT_NAME = "$(TARGET_NAME)";
				SWIFT_VERSION = 5.0;
				TARGETED_DEVICE_FAMILY = "1,2";
				TEST_HOST = "$(BUILT_PRODUCTS_DIR)/OCWiNewsViewer.app/OCWiNewsViewer";
			};
			name = Debug;
		};
		4C30DCB525299193003166A5 /* Release */ = {
			isa = XCBuildConfiguration;
			buildSettings = {
				ALWAYS_EMBED_SWIFT_STANDARD_LIBRARIES = YES;
				BUNDLE_LOADER = "$(TEST_HOST)";
				CODE_SIGN_STYLE = Automatic;
				INFOPLIST_FILE = OCWiNewsViewerTests/Info.plist;
				IPHONEOS_DEPLOYMENT_TARGET = 14.0;
				LD_RUNPATH_SEARCH_PATHS = (
					"$(inherited)",
					"@executable_path/Frameworks",
					"@loader_path/Frameworks",
				);
				PRODUCT_BUNDLE_IDENTIFIER = app.nanashiki.OCWiNewsViewerTests;
				PRODUCT_NAME = "$(TARGET_NAME)";
				SWIFT_VERSION = 5.0;
				TARGETED_DEVICE_FAMILY = "1,2";
				TEST_HOST = "$(BUILT_PRODUCTS_DIR)/OCWiNewsViewer.app/OCWiNewsViewer";
			};
			name = Release;
		};
		4C30DCB725299193003166A5 /* Debug */ = {
			isa = XCBuildConfiguration;
			buildSettings = {
				ALWAYS_EMBED_SWIFT_STANDARD_LIBRARIES = YES;
				CODE_SIGN_STYLE = Automatic;
				INFOPLIST_FILE = OCWiNewsViewerUITests/Info.plist;
				LD_RUNPATH_SEARCH_PATHS = (
					"$(inherited)",
					"@executable_path/Frameworks",
					"@loader_path/Frameworks",
				);
				PRODUCT_BUNDLE_IDENTIFIER = app.nanashiki.OCWiNewsViewerUITests;
				PRODUCT_NAME = "$(TARGET_NAME)";
				SWIFT_VERSION = 5.0;
				TARGETED_DEVICE_FAMILY = "1,2";
				TEST_TARGET_NAME = OCWiNewsViewer;
			};
			name = Debug;
		};
		4C30DCB825299193003166A5 /* Release */ = {
			isa = XCBuildConfiguration;
			buildSettings = {
				ALWAYS_EMBED_SWIFT_STANDARD_LIBRARIES = YES;
				CODE_SIGN_STYLE = Automatic;
				INFOPLIST_FILE = OCWiNewsViewerUITests/Info.plist;
				LD_RUNPATH_SEARCH_PATHS = (
					"$(inherited)",
					"@executable_path/Frameworks",
					"@loader_path/Frameworks",
				);
				PRODUCT_BUNDLE_IDENTIFIER = app.nanashiki.OCWiNewsViewerUITests;
				PRODUCT_NAME = "$(TARGET_NAME)";
				SWIFT_VERSION = 5.0;
				TARGETED_DEVICE_FAMILY = "1,2";
				TEST_TARGET_NAME = OCWiNewsViewer;
			};
			name = Release;
		};
/* End XCBuildConfiguration section */

/* Begin XCConfigurationList section */
		4C30DC8625299192003166A5 /* Build configuration list for PBXProject "OCWiNewsViewer" */ = {
			isa = XCConfigurationList;
			buildConfigurations = (
				4C30DCAE25299193003166A5 /* Debug */,
				4C30DCAF25299193003166A5 /* Release */,
			);
			defaultConfigurationIsVisible = 0;
			defaultConfigurationName = Release;
		};
		4C30DCB025299193003166A5 /* Build configuration list for PBXNativeTarget "OCWiNewsViewer" */ = {
			isa = XCConfigurationList;
			buildConfigurations = (
				4C30DCB125299193003166A5 /* Debug */,
				4C30DCB225299193003166A5 /* Release */,
			);
			defaultConfigurationIsVisible = 0;
			defaultConfigurationName = Release;
		};
		4C30DCB325299193003166A5 /* Build configuration list for PBXNativeTarget "OCWiNewsViewerTests" */ = {
			isa = XCConfigurationList;
			buildConfigurations = (
				4C30DCB425299193003166A5 /* Debug */,
				4C30DCB525299193003166A5 /* Release */,
			);
			defaultConfigurationIsVisible = 0;
			defaultConfigurationName = Release;
		};
		4C30DCB625299193003166A5 /* Build configuration list for PBXNativeTarget "OCWiNewsViewerUITests" */ = {
			isa = XCConfigurationList;
			buildConfigurations = (
				4C30DCB725299193003166A5 /* Debug */,
				4C30DCB825299193003166A5 /* Release */,
			);
			defaultConfigurationIsVisible = 0;
			defaultConfigurationName = Release;
		};
/* End XCConfigurationList section */
	};
	rootObject = 4C30DC8325299192003166A5 /* Project object */;
}
